
Microsoft Visual Studio Solution File, Format Version 12.00
# Visual Studio Version 16
VisualStudioVersion = 16.0.32413.511
MinimumVisualStudioVersion = 10.0.40219.1
Project("{FAE04EC0-301F-11D3-BF4B-00C04F79EFBC}") = "Roket_Anayuz1", "Roket_Anayuz1\Roket_Anayuz1.csproj", "{2E862A1A-8DD9-44D4-8716-C11F778A9ED7}"
EndProject
Global
	GlobalSection(SolutionConfigurationPlatforms) = preSolution
		Debug|Any CPU = Debug|Any CPU
		Release|Any CPU = Release|Any CPU
	EndGlobalSection
	GlobalSection(ProjectConfigurationPlatforms) = postSolution
		{2E862A1A-8DD9-44D4-8716-C11F778A9ED7}.Debug|Any CPU.ActiveCfg = Debug|Any CPU
		{2E862A1A-8DD9-44D4-8716-C11F778A9ED7}.Debug|Any CPU.Build.0 = Debug|Any CPU
		{2E862A1A-8DD9-44D4-8716-C11F778A9ED7}.Release|Any CPU.ActiveCfg = Release|Any CPU
		{2E862A1A-8DD9-44D4-8716-C11F778A9ED7}.Release|Any CPU.Build.0 = Release|Any CPU
	EndGlobalSection
	GlobalSection(SolutionProperties) = preSolution
		HideSolutionNode = FALSE
	EndGlobalSection
	GlobalSection(ExtensibilityGlobals) = postSolution
		SolutionGuid = {9C774D9E-B610-407D-8AF9-494F6C24627F}
	EndGlobalSection
EndGlobal
